<?xml version="1.0" encoding="utf-8"?>
<Project ToolsVersion="4.0" xmlns="http://schemas.microsoft.com/developer/msbuild/2003">
  <ItemGroup>
    <Filter Include="Source Files">
      <UniqueIdentifier>{0d542ef0-856b-4e5e-90f0-9d4a1dbd7ea4}</UniqueIdentifier>
      <Extensions>cpp;c;cxx;rc;def;r;odl;idl;hpj;bat</Extensions>
    </Filter>
    <Filter Include="Header Files">
      <UniqueIdentifier>{b12d3c24-2b75-4248-9b36-f0e66799c3e7}</UniqueIdentifier>
      <Extensions>h;hpp;hxx;hm;inl</Extensions>
    </Filter>
    <Filter Include="Resource Files">
      <UniqueIdentifier>{02ff4238-0e89-46fa-85b9-09c9a6896a99}</UniqueIdentifier>
      <Extensions>ico;cur;bmp;dlg;rc2;rct;bin;rgs;gif;jpg;jpeg;jpe</Extensions>
    </Filter>
  </ItemGroup>
  <ItemGroup>
    <ClCompile Include="Administrator.cpp">
      <Filter>Source Files</Filter>
    </ClCompile>
    <ClCompile Include="AlarmInform.cpp">
      <Filter>Source Files</Filter>
    </ClCompile>
    <ClCompile Include="CheckHistoryAlarm.cpp">
      <Filter>Source Files</Filter>
    </ClCompile>
    <ClCompile Include="ColorListCtrl.cpp">
      <Filter>Source Files</Filter>
    </ClCompile>
    <ClCompile Include="fft_Transform.cpp">
      <Filter>Source Files</Filter>
    </ClCompile>
    <ClCompile Include="Glbs.cpp">
      <Filter>Source Files</Filter>
    </ClCompile>
    <ClCompile Include="ParaSet.cpp">
      <Filter>Source Files</Filter>
    </ClCompile>
    <ClCompile Include="RWAcess.cpp">
      <Filter>Source Files</Filter>
    </ClCompile>
    <ClCompile Include="saveBuffer.cpp">
      <Filter>Source Files</Filter>
    </ClCompile>
    <ClCompile Include="Si216Client.cpp">
      <Filter>Source Files</Filter>
    </ClCompile>
    <ClCompile Include="Si216ClientDlg.cpp">
      <Filter>Source Files</Filter>
    </ClCompile>
    <ClCompile Include="StdAfx.cpp">
      <Filter>Source Files</Filter>
    </ClCompile>
    <ClCompile Include="Strain.cpp">
      <Filter>Source Files</Filter>
    </ClCompile>
    <ClCompile Include="UDP1.cpp">
      <Filter>Source Files</Filter>
    </ClCompile>
    <ClCompile Include="UdpCount.cpp">
      <Filter>Source Files</Filter>
    </ClCompile>
    <ClCompile Include="WaveSheet1.cpp">
      <Filter>Source Files</Filter>
    </ClCompile>
  </ItemGroup>
  <ItemGroup>
    <ResourceCompile Include="Si216Client.rc">
      <Filter>Source Files</Filter>
    </ResourceCompile>
  </ItemGroup>
  <ItemGroup>
    <ClInclude Include="Administrator.h">
      <Filter>Header Files</Filter>
    </ClInclude>
    <ClInclude Include="AlarmInform.h">
      <Filter>Header Files</Filter>
    </ClInclude>
    <ClInclude Include="CheckHistoryAlarm.h">
      <Filter>Header Files</Filter>
    </ClInclude>
    <ClInclude Include="ColorListCtrl.h">
      <Filter>Header Files</Filter>
    </ClInclude>
    <ClInclude Include="fft_Transform.h">
      <Filter>Header Files</Filter>
    </ClInclude>
    <ClInclude Include="Glbs.h">
      <Filter>Header Files</Filter>
    </ClInclude>
    <ClInclude Include="ParaSet.h">
      <Filter>Header Files</Filter>
    </ClInclude>
    <ClInclude Include="Resource.h">
      <Filter>Header Files</Filter>
    </ClInclude>
    <ClInclude Include="RWAcess.h">
      <Filter>Header Files</Filter>
    </ClInclude>
    <ClInclude Include="SaveBuffer.h">
      <Filter>Header Files</Filter>
    </ClInclude>
    <ClInclude Include="Si216Client.h">
      <Filter>Header Files</Filter>
    </ClInclude>
    <ClInclude Include="Si216ClientDlg.h">
      <Filter>Header Files</Filter>
    </ClInclude>
    <ClInclude Include="StdAfx.h">
      <Filter>Header Files</Filter>
    </ClInclude>
    <ClInclude Include="Strain.h">
      <Filter>Header Files</Filter>
    </ClInclude>
    <ClInclude Include="UDP1.h">
      <Filter>Header Files</Filter>
    </ClInclude>
    <ClInclude Include="UdpCount.h">
      <Filter>Header Files</Filter>
    </ClInclude>
    <ClInclude Include="WaveSheet1.h">
      <Filter>Header Files</Filter>
    </ClInclude>
  </ItemGroup>
  <ItemGroup>
    <Image Include="res\backgrou.ico">
      <Filter>Resource Files</Filter>
    </Image>
    <Image Include="res\blue1.ico">
      <Filter>Resource Files</Filter>
    </Image>
    <Image Include="res\blue2.ico">
      <Filter>Resource Files</Filter>
    </Image>
    <Image Include="res\ico00001.ico">
      <Filter>Resource Files</Filter>
    </Image>
    <Image Include="res\ico00002.ico">
      <Filter>Resource Files</Filter>
    </Image>
    <Image Include="res\ico00003.ico">
      <Filter>Resource Files</Filter>
    </Image>
    <Image Include="res\icon1.ico">
      <Filter>Resource Files</Filter>
    </Image>
    <Image Include="res\Si216Client.ico">
      <Filter>Resource Files</Filter>
    </Image>
  </ItemGroup>
  <ItemGroup>
    <Text Include="ReadMe.txt" />
  </ItemGroup>
  <ItemGroup>
    <CustomBuild Include="res\Si216Client.rc2">
      <Filter>Resource Files</Filter>
    </CustomBuild>
  </ItemGroup>
</Project>